// !$*UTF8*$!
{
	archiveVersion = 1;
	classes = {
	};
	objectVersion = 56;
	objects = {

/* Begin PBXBuildFile section */
		320A00E92AC169E900B01392 /* PropertySearch.swift in Sources */ = {isa = PBXBuildFile; fileRef = 320A00E82AC169E900B01392 /* PropertySearch.swift */; };
		320A7CC62AC173B2008B252B /* PropertyPrices.swift in Sources */ = {isa = PBXBuildFile; fileRef = 320A7CC52AC173B2008B252B /* PropertyPrices.swift */; };
		320A7CC82AC175D4008B252B /* PropertyItem.swift in Sources */ = {isa = PBXBuildFile; fileRef = 320A7CC72AC175D4008B252B /* PropertyItem.swift */; };
		320A7CCA2AC176B8008B252B /* PropertyLocation.swift in Sources */ = {isa = PBXBuildFile; fileRef = 320A7CC92AC176B8008B252B /* PropertyLocation.swift */; };
		320A7CCC2AC1929C008B252B /* CheckInAndOut.swift in Sources */ = {isa = PBXBuildFile; fileRef = 320A7CCB2AC1929C008B252B /* CheckInAndOut.swift */; };
		320A7CCE2AC19721008B252B /* PropertyListRequest.swift in Sources */ = {isa = PBXBuildFile; fileRef = 320A7CCD2AC19721008B252B /* PropertyListRequest.swift */; };
		32151E2F2ACA55840089D488 /* HotelPropertyDetailViewModel.swift in Sources */ = {isa = PBXBuildFile; fileRef = 32151E2E2ACA55840089D488 /* HotelPropertyDetailViewModel.swift */; };
		32322C202AD908FA004E3BAA /* HotelPropertyHistoryRow.swift in Sources */ = {isa = PBXBuildFile; fileRef = 32322C1F2AD908FA004E3BAA /* HotelPropertyHistoryRow.swift */; };
		32322C222AD90D71004E3BAA /* AmmenitiesRow.swift in Sources */ = {isa = PBXBuildFile; fileRef = 32322C212AD90D71004E3BAA /* AmmenitiesRow.swift */; };
		32322C242AD915A1004E3BAA /* PropertyHistoryView.swift in Sources */ = {isa = PBXBuildFile; fileRef = 32322C232AD915A1004E3BAA /* PropertyHistoryView.swift */; };
		32322C262AD915E1004E3BAA /* PropertyHistoryViewModel.swift in Sources */ = {isa = PBXBuildFile; fileRef = 32322C252AD915E1004E3BAA /* PropertyHistoryViewModel.swift */; };
		32322C282ADA0618004E3BAA /* FirebaseAuthManager.swift in Sources */ = {isa = PBXBuildFile; fileRef = 32322C272ADA0618004E3BAA /* FirebaseAuthManager.swift */; };
		32322C2A2ADA3796004E3BAA /* LoginView.swift in Sources */ = {isa = PBXBuildFile; fileRef = 32322C292ADA3796004E3BAA /* LoginView.swift */; };
		3254F0502AC4136D00E1A1BA /* HotelRoomsResultsListView.swift in Sources */ = {isa = PBXBuildFile; fileRef = 3254F04F2AC4136D00E1A1BA /* HotelRoomsResultsListView.swift */; };
		3254F0522AC44B7C00E1A1BA /* PropertyResultsView.swift in Sources */ = {isa = PBXBuildFile; fileRef = 3254F0512AC44B7C00E1A1BA /* PropertyResultsView.swift */; };
		3256C5D42AB8501E00AC9470 /* Advanced_iOS_Assessment3App.swift in Sources */ = {isa = PBXBuildFile; fileRef = 3256C5D32AB8501E00AC9470 /* Advanced_iOS_Assessment3App.swift */; };
		3256C5D62AB8501E00AC9470 /* ContentView.swift in Sources */ = {isa = PBXBuildFile; fileRef = 3256C5D52AB8501E00AC9470 /* ContentView.swift */; };
		3256C5D82AB8501F00AC9470 /* Assets.xcassets in Resources */ = {isa = PBXBuildFile; fileRef = 3256C5D72AB8501F00AC9470 /* Assets.xcassets */; };
		3256C5DB2AB8501F00AC9470 /* Preview Assets.xcassets in Resources */ = {isa = PBXBuildFile; fileRef = 3256C5DA2AB8501F00AC9470 /* Preview Assets.xcassets */; };
		3256C5DD2AB8501F00AC9470 /* Persistence.swift in Sources */ = {isa = PBXBuildFile; fileRef = 3256C5DC2AB8501F00AC9470 /* Persistence.swift */; };
		3256C5E02AB8501F00AC9470 /* Advanced_iOS_Assessment3.xcdatamodeld in Sources */ = {isa = PBXBuildFile; fileRef = 3256C5DE2AB8501F00AC9470 /* Advanced_iOS_Assessment3.xcdatamodeld */; };
		3256C5EB2AB8501F00AC9470 /* Advanced_iOS_Assessment3Tests.swift in Sources */ = {isa = PBXBuildFile; fileRef = 3256C5EA2AB8501F00AC9470 /* Advanced_iOS_Assessment3Tests.swift */; };
		3256C5F52AB8501F00AC9470 /* Advanced_iOS_Assessment3UITests.swift in Sources */ = {isa = PBXBuildFile; fileRef = 3256C5F42AB8501F00AC9470 /* Advanced_iOS_Assessment3UITests.swift */; };
		3256C5F72AB8501F00AC9470 /* Advanced_iOS_Assessment3UITestsLaunchTests.swift in Sources */ = {isa = PBXBuildFile; fileRef = 3256C5F62AB8501F00AC9470 /* Advanced_iOS_Assessment3UITestsLaunchTests.swift */; };
		325B5FA42ACB8A9B00C775D3 /* MapImageView.swift in Sources */ = {isa = PBXBuildFile; fileRef = 325B5FA32ACB8A9B00C775D3 /* MapImageView.swift */; };
		325FF5BC2AC56C5400E207DB /* HotelPropertyRow.swift in Sources */ = {isa = PBXBuildFile; fileRef = 325FF5BB2AC56C5400E207DB /* HotelPropertyRow.swift */; };
		325FF5BE2AC594E500E207DB /* HotelPropertyResultsMapView.swift in Sources */ = {isa = PBXBuildFile; fileRef = 325FF5BD2AC594E500E207DB /* HotelPropertyResultsMapView.swift */; };
		325FF5C02AC59B7600E207DB /* HotelAnnotation.swift in Sources */ = {isa = PBXBuildFile; fileRef = 325FF5BF2AC59B7600E207DB /* HotelAnnotation.swift */; };
		326F6FB92AD55A4900543117 /* PropertyHistory.swift in Sources */ = {isa = PBXBuildFile; fileRef = 326F6FB82AD55A4900543117 /* PropertyHistory.swift */; };
		3278D1D12AD1331800324436 /* PromiseKit in Frameworks */ = {isa = PBXBuildFile; productRef = 3278D1D02AD1331800324436 /* PromiseKit */; };
		32795B432AC65CA600B8E670 /* CoreDataManager.swift in Sources */ = {isa = PBXBuildFile; fileRef = 32795B422AC65CA600B8E670 /* CoreDataManager.swift */; };
		327A587D2AB859EE00DB11E6 /* MainViewModel.swift in Sources */ = {isa = PBXBuildFile; fileRef = 327A587C2AB859EE00DB11E6 /* MainViewModel.swift */; };
		327A587F2AB8FB5200DB11E6 /* City.swift in Sources */ = {isa = PBXBuildFile; fileRef = 327A587E2AB8FB5200DB11E6 /* City.swift */; };
		328E654D2ACBD27300E4903A /* PropertyDetailsProcessingView.swift in Sources */ = {isa = PBXBuildFile; fileRef = 328E654C2ACBD27300E4903A /* PropertyDetailsProcessingView.swift */; };
		32920DDF2AC6EAC300670ACA /* SearchResultsView.swift in Sources */ = {isa = PBXBuildFile; fileRef = 32920DDE2AC6EAC300670ACA /* SearchResultsView.swift */; };
		32920DE32AC6EC7C00670ACA /* SearchHistoryView.swift in Sources */ = {isa = PBXBuildFile; fileRef = 32920DE22AC6EC7C00670ACA /* SearchHistoryView.swift */; };
		32920DED2AC80DC700670ACA /* HotelImageView.swift in Sources */ = {isa = PBXBuildFile; fileRef = 32920DEC2AC80DC700670ACA /* HotelImageView.swift */; };
		32920DF22AC8D0D700670ACA /* PropertyDetailView.swift in Sources */ = {isa = PBXBuildFile; fileRef = 32920DF12AC8D0D700670ACA /* PropertyDetailView.swift */; };
		32920DF42AC8D67500670ACA /* PropertyDetalResponse.swift in Sources */ = {isa = PBXBuildFile; fileRef = 32920DF32AC8D67500670ACA /* PropertyDetalResponse.swift */; };
		32920DF62AC8D8CA00670ACA /* PropertyContentRequest.swift in Sources */ = {isa = PBXBuildFile; fileRef = 32920DF52AC8D8CA00670ACA /* PropertyContentRequest.swift */; };
		32920DF92AC8DA7E00670ACA /* PropertyContentModels.swift in Sources */ = {isa = PBXBuildFile; fileRef = 32920DF82AC8DA7E00670ACA /* PropertyContentModels.swift */; };
		32920DFB2AC8DE3F00670ACA /* PropertyPolicyAndFeatures.swift in Sources */ = {isa = PBXBuildFile; fileRef = 32920DFA2AC8DE3F00670ACA /* PropertyPolicyAndFeatures.swift */; };
		32920DFD2AC9252500670ACA /* PropertySearchPreferencesView.swift in Sources */ = {isa = PBXBuildFile; fileRef = 32920DFC2AC9252500670ACA /* PropertySearchPreferencesView.swift */; };
		32B4046F2AC1A9D9009B4F43 /* RegionsView.swift in Sources */ = {isa = PBXBuildFile; fileRef = 32B4046E2AC1A9D9009B4F43 /* RegionsView.swift */; };
		32C7C57D2AC2B22500D5B4AD /* SearchView.swift in Sources */ = {isa = PBXBuildFile; fileRef = 32C7C57C2AC2B22500D5B4AD /* SearchView.swift */; };
		32C7C57F2AC2BCB400D5B4AD /* PropertyResultsProcessingView.swift in Sources */ = {isa = PBXBuildFile; fileRef = 32C7C57E2AC2BCB400D5B4AD /* PropertyResultsProcessingView.swift */; };
		32C7C5812AC2BFC700D5B4AD /* MetaDataResponse.swift in Sources */ = {isa = PBXBuildFile; fileRef = 32C7C5802AC2BFC700D5B4AD /* MetaDataResponse.swift */; };
		32C7C5832AC2F0F100D5B4AD /* UserDefaultsManager.swift in Sources */ = {isa = PBXBuildFile; fileRef = 32C7C5822AC2F0F100D5B4AD /* UserDefaultsManager.swift */; };
		32C7C5852AC2FED600D5B4AD /* HotelPropertySearchView.swift in Sources */ = {isa = PBXBuildFile; fileRef = 32C7C5842AC2FED600D5B4AD /* HotelPropertySearchView.swift */; };
		32C7C5872AC376D800D5B4AD /* HotelPropertySearchViewModel.swift in Sources */ = {isa = PBXBuildFile; fileRef = 32C7C5862AC376D800D5B4AD /* HotelPropertySearchViewModel.swift */; };
		32C7C58A2AC3776500D5B4AD /* HotelAPIManager.swift in Sources */ = {isa = PBXBuildFile; fileRef = 32C7C5892AC3776500D5B4AD /* HotelAPIManager.swift */; };
		32C7C58E2AC3A64F00D5B4AD /* RoomFieldView.swift in Sources */ = {isa = PBXBuildFile; fileRef = 32C7C58D2AC3A64F00D5B4AD /* RoomFieldView.swift */; };
		32C7C5902AC3EBA800D5B4AD /* ChildrenFieldView.swift in Sources */ = {isa = PBXBuildFile; fileRef = 32C7C58F2AC3EBA800D5B4AD /* ChildrenFieldView.swift */; };
		32F20C382ACBECFF001DE51B /* ErrorView.swift in Sources */ = {isa = PBXBuildFile; fileRef = 32F20C372ACBECFF001DE51B /* ErrorView.swift */; };
		32F74F4B2ACE2AAD00EF6DB3 /* FirebaseAnalytics in Frameworks */ = {isa = PBXBuildFile; productRef = 32F74F4A2ACE2AAD00EF6DB3 /* FirebaseAnalytics */; };
		32F74F4D2ACE2AAD00EF6DB3 /* FirebaseAnalyticsOnDeviceConversion in Frameworks */ = {isa = PBXBuildFile; productRef = 32F74F4C2ACE2AAD00EF6DB3 /* FirebaseAnalyticsOnDeviceConversion */; };
		32F74F4F2ACE2AAD00EF6DB3 /* FirebaseAnalyticsSwift in Frameworks */ = {isa = PBXBuildFile; productRef = 32F74F4E2ACE2AAD00EF6DB3 /* FirebaseAnalyticsSwift */; };
		32F74F512ACE2AAD00EF6DB3 /* FirebaseAnalyticsWithoutAdIdSupport in Frameworks */ = {isa = PBXBuildFile; productRef = 32F74F502ACE2AAD00EF6DB3 /* FirebaseAnalyticsWithoutAdIdSupport */; };
		32F74F532ACE2AAD00EF6DB3 /* FirebaseAuth in Frameworks */ = {isa = PBXBuildFile; productRef = 32F74F522ACE2AAD00EF6DB3 /* FirebaseAuth */; };
		32F74F552ACE2AAD00EF6DB3 /* FirebaseAuthCombine-Community in Frameworks */ = {isa = PBXBuildFile; productRef = 32F74F542ACE2AAD00EF6DB3 /* FirebaseAuthCombine-Community */; };
		32F74F572ACE2AAD00EF6DB3 /* FirebaseDatabase in Frameworks */ = {isa = PBXBuildFile; productRef = 32F74F562ACE2AAD00EF6DB3 /* FirebaseDatabase */; };
		32F74F592ACE2AAD00EF6DB3 /* FirebaseDatabaseSwift in Frameworks */ = {isa = PBXBuildFile; productRef = 32F74F582ACE2AAD00EF6DB3 /* FirebaseDatabaseSwift */; };
		32F74F5B2ACE2AAD00EF6DB3 /* FirebaseFirestore in Frameworks */ = {isa = PBXBuildFile; productRef = 32F74F5A2ACE2AAD00EF6DB3 /* FirebaseFirestore */; };
		32F74F5D2ACE2AAD00EF6DB3 /* FirebaseFirestoreCombine-Community in Frameworks */ = {isa = PBXBuildFile; productRef = 32F74F5C2ACE2AAD00EF6DB3 /* FirebaseFirestoreCombine-Community */; };
		32F74F5F2ACE2AAD00EF6DB3 /* FirebaseFirestoreSwift in Frameworks */ = {isa = PBXBuildFile; productRef = 32F74F5E2ACE2AAD00EF6DB3 /* FirebaseFirestoreSwift */; };
		32F74F612ACE2BED00EF6DB3 /* GoogleService-Info.plist in Resources */ = {isa = PBXBuildFile; fileRef = 32F74F602ACE2BED00EF6DB3 /* GoogleService-Info.plist */; };
		32F74F632ACE2F8900EF6DB3 /* FirebaseManager.swift in Sources */ = {isa = PBXBuildFile; fileRef = 32F74F622ACE2F8900EF6DB3 /* FirebaseManager.swift */; };
		32F74F652ACE73A900EF6DB3 /* HotelFavouritesView.swift in Sources */ = {isa = PBXBuildFile; fileRef = 32F74F642ACE73A900EF6DB3 /* HotelFavouritesView.swift */; };
		32F74F672ACE746D00EF6DB3 /* HotelFavouritesRow.swift in Sources */ = {isa = PBXBuildFile; fileRef = 32F74F662ACE746D00EF6DB3 /* HotelFavouritesRow.swift */; };
		32F74F692ACE761B00EF6DB3 /* HotelFavourite.swift in Sources */ = {isa = PBXBuildFile; fileRef = 32F74F682ACE761B00EF6DB3 /* HotelFavourite.swift */; };
		32F74F6B2ACE7DCA00EF6DB3 /* HotelFavouritesViewModel.swift in Sources */ = {isa = PBXBuildFile; fileRef = 32F74F6A2ACE7DCA00EF6DB3 /* HotelFavouritesViewModel.swift */; };
/* End PBXBuildFile section */

/* Begin PBXContainerItemProxy section */
		3256C5E72AB8501F00AC9470 /* PBXContainerItemProxy */ = {
			isa = PBXContainerItemProxy;
			containerPortal = 3256C5C82AB8501E00AC9470 /* Project object */;
			proxyType = 1;
			remoteGlobalIDString = 3256C5CF2AB8501E00AC9470;
			remoteInfo = Advanced_iOS_Assessment3;
		};
		3256C5F12AB8501F00AC9470 /* PBXContainerItemProxy */ = {
			isa = PBXContainerItemProxy;
			containerPortal = 3256C5C82AB8501E00AC9470 /* Project object */;
			proxyType = 1;
			remoteGlobalIDString = 3256C5CF2AB8501E00AC9470;
			remoteInfo = Advanced_iOS_Assessment3;
		};
/* End PBXContainerItemProxy section */

/* Begin PBXFileReference section */
		320A00E82AC169E900B01392 /* PropertySearch.swift */ = {isa = PBXFileReference; lastKnownFileType = sourcecode.swift; path = PropertySearch.swift; sourceTree = "<group>"; };
		320A7CC52AC173B2008B252B /* PropertyPrices.swift */ = {isa = PBXFileReference; lastKnownFileType = sourcecode.swift; path = PropertyPrices.swift; sourceTree = "<group>"; };
		320A7CC72AC175D4008B252B /* PropertyItem.swift */ = {isa = PBXFileReference; lastKnownFileType = sourcecode.swift; path = PropertyItem.swift; sourceTree = "<group>"; };
		320A7CC92AC176B8008B252B /* PropertyLocation.swift */ = {isa = PBXFileReference; lastKnownFileType = sourcecode.swift; path = PropertyLocation.swift; sourceTree = "<group>"; };
		320A7CCB2AC1929C008B252B /* CheckInAndOut.swift */ = {isa = PBXFileReference; lastKnownFileType = sourcecode.swift; path = CheckInAndOut.swift; sourceTree = "<group>"; };
		320A7CCD2AC19721008B252B /* PropertyListRequest.swift */ = {isa = PBXFileReference; lastKnownFileType = sourcecode.swift; path = PropertyListRequest.swift; sourceTree = "<group>"; };
		32151E2E2ACA55840089D488 /* HotelPropertyDetailViewModel.swift */ = {isa = PBXFileReference; lastKnownFileType = sourcecode.swift; path = HotelPropertyDetailViewModel.swift; sourceTree = "<group>"; };
		32322C1F2AD908FA004E3BAA /* HotelPropertyHistoryRow.swift */ = {isa = PBXFileReference; lastKnownFileType = sourcecode.swift; path = HotelPropertyHistoryRow.swift; sourceTree = "<group>"; };
		32322C212AD90D71004E3BAA /* AmmenitiesRow.swift */ = {isa = PBXFileReference; lastKnownFileType = sourcecode.swift; path = AmmenitiesRow.swift; sourceTree = "<group>"; };
		32322C232AD915A1004E3BAA /* PropertyHistoryView.swift */ = {isa = PBXFileReference; lastKnownFileType = sourcecode.swift; path = PropertyHistoryView.swift; sourceTree = "<group>"; };
		32322C252AD915E1004E3BAA /* PropertyHistoryViewModel.swift */ = {isa = PBXFileReference; lastKnownFileType = sourcecode.swift; path = PropertyHistoryViewModel.swift; sourceTree = "<group>"; };
		32322C272ADA0618004E3BAA /* FirebaseAuthManager.swift */ = {isa = PBXFileReference; lastKnownFileType = sourcecode.swift; path = FirebaseAuthManager.swift; sourceTree = "<group>"; };
		32322C292ADA3796004E3BAA /* LoginView.swift */ = {isa = PBXFileReference; lastKnownFileType = sourcecode.swift; path = LoginView.swift; sourceTree = "<group>"; };
		3254F04F2AC4136D00E1A1BA /* HotelRoomsResultsListView.swift */ = {isa = PBXFileReference; lastKnownFileType = sourcecode.swift; path = HotelRoomsResultsListView.swift; sourceTree = "<group>"; };
		3254F0512AC44B7C00E1A1BA /* PropertyResultsView.swift */ = {isa = PBXFileReference; lastKnownFileType = sourcecode.swift; path = PropertyResultsView.swift; sourceTree = "<group>"; };
		3256C5D02AB8501E00AC9470 /* Advanced_iOS_Assessment3.app */ = {isa = PBXFileReference; explicitFileType = wrapper.application; includeInIndex = 0; path = Advanced_iOS_Assessment3.app; sourceTree = BUILT_PRODUCTS_DIR; };
		3256C5D32AB8501E00AC9470 /* Advanced_iOS_Assessment3App.swift */ = {isa = PBXFileReference; lastKnownFileType = sourcecode.swift; path = Advanced_iOS_Assessment3App.swift; sourceTree = "<group>"; };
		3256C5D52AB8501E00AC9470 /* ContentView.swift */ = {isa = PBXFileReference; lastKnownFileType = sourcecode.swift; path = ContentView.swift; sourceTree = "<group>"; };
		3256C5D72AB8501F00AC9470 /* Assets.xcassets */ = {isa = PBXFileReference; lastKnownFileType = folder.assetcatalog; path = Assets.xcassets; sourceTree = "<group>"; };
		3256C5DA2AB8501F00AC9470 /* Preview Assets.xcassets */ = {isa = PBXFileReference; lastKnownFileType = folder.assetcatalog; path = "Preview Assets.xcassets"; sourceTree = "<group>"; };
		3256C5DC2AB8501F00AC9470 /* Persistence.swift */ = {isa = PBXFileReference; lastKnownFileType = sourcecode.swift; path = Persistence.swift; sourceTree = "<group>"; };
		3256C5DF2AB8501F00AC9470 /* Advanced_iOS_Assessment3.xcdatamodel */ = {isa = PBXFileReference; lastKnownFileType = wrapper.xcdatamodel; path = Advanced_iOS_Assessment3.xcdatamodel; sourceTree = "<group>"; };
		3256C5E12AB8501F00AC9470 /* Info.plist */ = {isa = PBXFileReference; lastKnownFileType = text.plist.xml; path = Info.plist; sourceTree = "<group>"; };
		3256C5E62AB8501F00AC9470 /* Advanced_iOS_Assessment3Tests.xctest */ = {isa = PBXFileReference; explicitFileType = wrapper.cfbundle; includeInIndex = 0; path = Advanced_iOS_Assessment3Tests.xctest; sourceTree = BUILT_PRODUCTS_DIR; };
		3256C5EA2AB8501F00AC9470 /* Advanced_iOS_Assessment3Tests.swift */ = {isa = PBXFileReference; lastKnownFileType = sourcecode.swift; path = Advanced_iOS_Assessment3Tests.swift; sourceTree = "<group>"; };
		3256C5F02AB8501F00AC9470 /* Advanced_iOS_Assessment3UITests.xctest */ = {isa = PBXFileReference; explicitFileType = wrapper.cfbundle; includeInIndex = 0; path = Advanced_iOS_Assessment3UITests.xctest; sourceTree = BUILT_PRODUCTS_DIR; };
		3256C5F42AB8501F00AC9470 /* Advanced_iOS_Assessment3UITests.swift */ = {isa = PBXFileReference; lastKnownFileType = sourcecode.swift; path = Advanced_iOS_Assessment3UITests.swift; sourceTree = "<group>"; };
		3256C5F62AB8501F00AC9470 /* Advanced_iOS_Assessment3UITestsLaunchTests.swift */ = {isa = PBXFileReference; lastKnownFileType = sourcecode.swift; path = Advanced_iOS_Assessment3UITestsLaunchTests.swift; sourceTree = "<group>"; };
		325B5FA32ACB8A9B00C775D3 /* MapImageView.swift */ = {isa = PBXFileReference; lastKnownFileType = sourcecode.swift; path = MapImageView.swift; sourceTree = "<group>"; };
		325FF5BB2AC56C5400E207DB /* HotelPropertyRow.swift */ = {isa = PBXFileReference; lastKnownFileType = sourcecode.swift; path = HotelPropertyRow.swift; sourceTree = "<group>"; };
		325FF5BD2AC594E500E207DB /* HotelPropertyResultsMapView.swift */ = {isa = PBXFileReference; lastKnownFileType = sourcecode.swift; path = HotelPropertyResultsMapView.swift; sourceTree = "<group>"; };
		325FF5BF2AC59B7600E207DB /* HotelAnnotation.swift */ = {isa = PBXFileReference; lastKnownFileType = sourcecode.swift; path = HotelAnnotation.swift; sourceTree = "<group>"; };
		326F6FB82AD55A4900543117 /* PropertyHistory.swift */ = {isa = PBXFileReference; lastKnownFileType = sourcecode.swift; path = PropertyHistory.swift; sourceTree = "<group>"; };
		32795B422AC65CA600B8E670 /* CoreDataManager.swift */ = {isa = PBXFileReference; lastKnownFileType = sourcecode.swift; path = CoreDataManager.swift; sourceTree = "<group>"; };
		327A587C2AB859EE00DB11E6 /* MainViewModel.swift */ = {isa = PBXFileReference; lastKnownFileType = sourcecode.swift; path = MainViewModel.swift; sourceTree = "<group>"; };
		327A587E2AB8FB5200DB11E6 /* City.swift */ = {isa = PBXFileReference; lastKnownFileType = sourcecode.swift; path = City.swift; sourceTree = "<group>"; };
		328E654C2ACBD27300E4903A /* PropertyDetailsProcessingView.swift */ = {isa = PBXFileReference; lastKnownFileType = sourcecode.swift; path = PropertyDetailsProcessingView.swift; sourceTree = "<group>"; };
		32920DDE2AC6EAC300670ACA /* SearchResultsView.swift */ = {isa = PBXFileReference; lastKnownFileType = sourcecode.swift; path = SearchResultsView.swift; sourceTree = "<group>"; };
		32920DE22AC6EC7C00670ACA /* SearchHistoryView.swift */ = {isa = PBXFileReference; lastKnownFileType = sourcecode.swift; path = SearchHistoryView.swift; sourceTree = "<group>"; };
		32920DEC2AC80DC700670ACA /* HotelImageView.swift */ = {isa = PBXFileReference; lastKnownFileType = sourcecode.swift; path = HotelImageView.swift; sourceTree = "<group>"; };
		32920DF12AC8D0D700670ACA /* PropertyDetailView.swift */ = {isa = PBXFileReference; lastKnownFileType = sourcecode.swift; path = PropertyDetailView.swift; sourceTree = "<group>"; };
		32920DF32AC8D67500670ACA /* PropertyDetalResponse.swift */ = {isa = PBXFileReference; lastKnownFileType = sourcecode.swift; path = PropertyDetalResponse.swift; sourceTree = "<group>"; };
		32920DF52AC8D8CA00670ACA /* PropertyContentRequest.swift */ = {isa = PBXFileReference; lastKnownFileType = sourcecode.swift; path = PropertyContentRequest.swift; sourceTree = "<group>"; };
		32920DF82AC8DA7E00670ACA /* PropertyContentModels.swift */ = {isa = PBXFileReference; lastKnownFileType = sourcecode.swift; path = PropertyContentModels.swift; sourceTree = "<group>"; };
		32920DFA2AC8DE3F00670ACA /* PropertyPolicyAndFeatures.swift */ = {isa = PBXFileReference; lastKnownFileType = sourcecode.swift; path = PropertyPolicyAndFeatures.swift; sourceTree = "<group>"; };
		32920DFC2AC9252500670ACA /* PropertySearchPreferencesView.swift */ = {isa = PBXFileReference; lastKnownFileType = sourcecode.swift; path = PropertySearchPreferencesView.swift; sourceTree = "<group>"; };
		32B4046E2AC1A9D9009B4F43 /* RegionsView.swift */ = {isa = PBXFileReference; lastKnownFileType = sourcecode.swift; path = RegionsView.swift; sourceTree = "<group>"; };
		32C7C57C2AC2B22500D5B4AD /* SearchView.swift */ = {isa = PBXFileReference; lastKnownFileType = sourcecode.swift; path = SearchView.swift; sourceTree = "<group>"; };
		32C7C57E2AC2BCB400D5B4AD /* PropertyResultsProcessingView.swift */ = {isa = PBXFileReference; lastKnownFileType = sourcecode.swift; path = PropertyResultsProcessingView.swift; sourceTree = "<group>"; };
		32C7C5802AC2BFC700D5B4AD /* MetaDataResponse.swift */ = {isa = PBXFileReference; lastKnownFileType = sourcecode.swift; path = MetaDataResponse.swift; sourceTree = "<group>"; };
		32C7C5822AC2F0F100D5B4AD /* UserDefaultsManager.swift */ = {isa = PBXFileReference; lastKnownFileType = sourcecode.swift; path = UserDefaultsManager.swift; sourceTree = "<group>"; };
		32C7C5842AC2FED600D5B4AD /* HotelPropertySearchView.swift */ = {isa = PBXFileReference; lastKnownFileType = sourcecode.swift; path = HotelPropertySearchView.swift; sourceTree = "<group>"; };
		32C7C5862AC376D800D5B4AD /* HotelPropertySearchViewModel.swift */ = {isa = PBXFileReference; lastKnownFileType = sourcecode.swift; path = HotelPropertySearchViewModel.swift; sourceTree = "<group>"; };
		32C7C5892AC3776500D5B4AD /* HotelAPIManager.swift */ = {isa = PBXFileReference; lastKnownFileType = sourcecode.swift; path = HotelAPIManager.swift; sourceTree = "<group>"; };
		32C7C58D2AC3A64F00D5B4AD /* RoomFieldView.swift */ = {isa = PBXFileReference; lastKnownFileType = sourcecode.swift; path = RoomFieldView.swift; sourceTree = "<group>"; };
		32C7C58F2AC3EBA800D5B4AD /* ChildrenFieldView.swift */ = {isa = PBXFileReference; lastKnownFileType = sourcecode.swift; path = ChildrenFieldView.swift; sourceTree = "<group>"; };
		32F20C372ACBECFF001DE51B /* ErrorView.swift */ = {isa = PBXFileReference; lastKnownFileType = sourcecode.swift; path = ErrorView.swift; sourceTree = "<group>"; };
		32F74F602ACE2BED00EF6DB3 /* GoogleService-Info.plist */ = {isa = PBXFileReference; fileEncoding = 4; lastKnownFileType = text.plist.xml; name = "GoogleService-Info.plist"; path = "../../../../Downloads/GoogleService-Info.plist"; sourceTree = "<group>"; };
		32F74F622ACE2F8900EF6DB3 /* FirebaseManager.swift */ = {isa = PBXFileReference; lastKnownFileType = sourcecode.swift; path = FirebaseManager.swift; sourceTree = "<group>"; };
		32F74F642ACE73A900EF6DB3 /* HotelFavouritesView.swift */ = {isa = PBXFileReference; lastKnownFileType = sourcecode.swift; path = HotelFavouritesView.swift; sourceTree = "<group>"; };
		32F74F662ACE746D00EF6DB3 /* HotelFavouritesRow.swift */ = {isa = PBXFileReference; lastKnownFileType = sourcecode.swift; path = HotelFavouritesRow.swift; sourceTree = "<group>"; };
		32F74F682ACE761B00EF6DB3 /* HotelFavourite.swift */ = {isa = PBXFileReference; lastKnownFileType = sourcecode.swift; path = HotelFavourite.swift; sourceTree = "<group>"; };
		32F74F6A2ACE7DCA00EF6DB3 /* HotelFavouritesViewModel.swift */ = {isa = PBXFileReference; lastKnownFileType = sourcecode.swift; path = HotelFavouritesViewModel.swift; sourceTree = "<group>"; };
/* End PBXFileReference section */

/* Begin PBXFrameworksBuildPhase section */
		3256C5CD2AB8501E00AC9470 /* Frameworks */ = {
			isa = PBXFrameworksBuildPhase;
			buildActionMask = 2147483647;
			files = (
				32F74F592ACE2AAD00EF6DB3 /* FirebaseDatabaseSwift in Frameworks */,
				3278D1D12AD1331800324436 /* PromiseKit in Frameworks */,
				32F74F4F2ACE2AAD00EF6DB3 /* FirebaseAnalyticsSwift in Frameworks */,
				32F74F552ACE2AAD00EF6DB3 /* FirebaseAuthCombine-Community in Frameworks */,
				32F74F5D2ACE2AAD00EF6DB3 /* FirebaseFirestoreCombine-Community in Frameworks */,
				32F74F532ACE2AAD00EF6DB3 /* FirebaseAuth in Frameworks */,
				32F74F5F2ACE2AAD00EF6DB3 /* FirebaseFirestoreSwift in Frameworks */,
				32F74F4B2ACE2AAD00EF6DB3 /* FirebaseAnalytics in Frameworks */,
				32F74F5B2ACE2AAD00EF6DB3 /* FirebaseFirestore in Frameworks */,
				32F74F4D2ACE2AAD00EF6DB3 /* FirebaseAnalyticsOnDeviceConversion in Frameworks */,
				32F74F572ACE2AAD00EF6DB3 /* FirebaseDatabase in Frameworks */,
				32F74F512ACE2AAD00EF6DB3 /* FirebaseAnalyticsWithoutAdIdSupport in Frameworks */,
			);
			runOnlyForDeploymentPostprocessing = 0;
		};
		3256C5E32AB8501F00AC9470 /* Frameworks */ = {
			isa = PBXFrameworksBuildPhase;
			buildActionMask = 2147483647;
			files = (
			);
			runOnlyForDeploymentPostprocessing = 0;
		};
		3256C5ED2AB8501F00AC9470 /* Frameworks */ = {
			isa = PBXFrameworksBuildPhase;
			buildActionMask = 2147483647;
			files = (
			);
			runOnlyForDeploymentPostprocessing = 0;
		};
/* End PBXFrameworksBuildPhase section */

/* Begin PBXGroup section */
		320A7CC42AC17342008B252B /* PropertyList */ = {
			isa = PBXGroup;
			children = (
				320A00E82AC169E900B01392 /* PropertySearch.swift */,
				320A7CC52AC173B2008B252B /* PropertyPrices.swift */,
				320A7CC72AC175D4008B252B /* PropertyItem.swift */,
				320A7CC92AC176B8008B252B /* PropertyLocation.swift */,
				320A7CCB2AC1929C008B252B /* CheckInAndOut.swift */,
				320A7CCD2AC19721008B252B /* PropertyListRequest.swift */,
			);
			path = PropertyList;
			sourceTree = "<group>";
		};
		3256C5C72AB8501E00AC9470 = {
			isa = PBXGroup;
			children = (
				3256C5D22AB8501E00AC9470 /* Advanced_iOS_Assessment3 */,
				3256C5E92AB8501F00AC9470 /* Advanced_iOS_Assessment3Tests */,
				3256C5F32AB8501F00AC9470 /* Advanced_iOS_Assessment3UITests */,
				3256C5D12AB8501E00AC9470 /* Products */,
			);
			sourceTree = "<group>";
		};
		3256C5D12AB8501E00AC9470 /* Products */ = {
			isa = PBXGroup;
			children = (
				3256C5D02AB8501E00AC9470 /* Advanced_iOS_Assessment3.app */,
				3256C5E62AB8501F00AC9470 /* Advanced_iOS_Assessment3Tests.xctest */,
				3256C5F02AB8501F00AC9470 /* Advanced_iOS_Assessment3UITests.xctest */,
			);
			name = Products;
			sourceTree = "<group>";
		};
		3256C5D22AB8501E00AC9470 /* Advanced_iOS_Assessment3 */ = {
			isa = PBXGroup;
			children = (
				32C7C5882AC3771100D5B4AD /* Managers */,
				327A587B2AB851B900DB11E6 /* ViewModels */,
				327A587A2AB851AB00DB11E6 /* Models */,
				327A58792AB8519B00DB11E6 /* Views */,
				3256C5D32AB8501E00AC9470 /* Advanced_iOS_Assessment3App.swift */,
				3256C5D72AB8501F00AC9470 /* Assets.xcassets */,
				3256C5DC2AB8501F00AC9470 /* Persistence.swift */,
				3256C5E12AB8501F00AC9470 /* Info.plist */,
				32F74F602ACE2BED00EF6DB3 /* GoogleService-Info.plist */,
				3256C5DE2AB8501F00AC9470 /* Advanced_iOS_Assessment3.xcdatamodeld */,
				3256C5D92AB8501F00AC9470 /* Preview Content */,
			);
			path = Advanced_iOS_Assessment3;
			sourceTree = "<group>";
		};
		3256C5D92AB8501F00AC9470 /* Preview Content */ = {
			isa = PBXGroup;
			children = (
				3256C5DA2AB8501F00AC9470 /* Preview Assets.xcassets */,
			);
			path = "Preview Content";
			sourceTree = "<group>";
		};
		3256C5E92AB8501F00AC9470 /* Advanced_iOS_Assessment3Tests */ = {
			isa = PBXGroup;
			children = (
				3256C5EA2AB8501F00AC9470 /* Advanced_iOS_Assessment3Tests.swift */,
			);
			path = Advanced_iOS_Assessment3Tests;
			sourceTree = "<group>";
		};
		3256C5F32AB8501F00AC9470 /* Advanced_iOS_Assessment3UITests */ = {
			isa = PBXGroup;
			children = (
				3256C5F42AB8501F00AC9470 /* Advanced_iOS_Assessment3UITests.swift */,
				3256C5F62AB8501F00AC9470 /* Advanced_iOS_Assessment3UITestsLaunchTests.swift */,
			);
			path = Advanced_iOS_Assessment3UITests;
			sourceTree = "<group>";
		};
		325FF5BA2AC56C3900E207DB /* ViewComponents */ = {
			isa = PBXGroup;
			children = (
				325FF5BB2AC56C5400E207DB /* HotelPropertyRow.swift */,
				32920DEC2AC80DC700670ACA /* HotelImageView.swift */,
				325B5FA32ACB8A9B00C775D3 /* MapImageView.swift */,
				32F20C372ACBECFF001DE51B /* ErrorView.swift */,
				32F74F662ACE746D00EF6DB3 /* HotelFavouritesRow.swift */,
				32322C1F2AD908FA004E3BAA /* HotelPropertyHistoryRow.swift */,
				32322C212AD90D71004E3BAA /* AmmenitiesRow.swift */,
			);
			path = ViewComponents;
			sourceTree = "<group>";
		};
		327A58792AB8519B00DB11E6 /* Views */ = {
			isa = PBXGroup;
			children = (
				325FF5BA2AC56C3900E207DB /* ViewComponents */,
				32C7C58C2AC3A62200D5B4AD /* PropertySearch */,
				32920DE12AC6EC1B00670ACA /* Search */,
				3256C5D52AB8501E00AC9470 /* ContentView.swift */,
				32B4046E2AC1A9D9009B4F43 /* RegionsView.swift */,
				32920DF12AC8D0D700670ACA /* PropertyDetailView.swift */,
				328E654C2ACBD27300E4903A /* PropertyDetailsProcessingView.swift */,
				32F74F642ACE73A900EF6DB3 /* HotelFavouritesView.swift */,
				32322C232AD915A1004E3BAA /* PropertyHistoryView.swift */,
				32322C292ADA3796004E3BAA /* LoginView.swift */,
			);
			path = Views;
			sourceTree = "<group>";
		};
		327A587A2AB851AB00DB11E6 /* Models */ = {
			isa = PBXGroup;
			children = (
				32920DF72AC8DA0100670ACA /* PropertyContent */,
				320A7CC42AC17342008B252B /* PropertyList */,
				327A587E2AB8FB5200DB11E6 /* City.swift */,
				32C7C5802AC2BFC700D5B4AD /* MetaDataResponse.swift */,
				325FF5BF2AC59B7600E207DB /* HotelAnnotation.swift */,
				32F74F682ACE761B00EF6DB3 /* HotelFavourite.swift */,
				326F6FB82AD55A4900543117 /* PropertyHistory.swift */,
			);
			path = Models;
			sourceTree = "<group>";
		};
		327A587B2AB851B900DB11E6 /* ViewModels */ = {
			isa = PBXGroup;
			children = (
				327A587C2AB859EE00DB11E6 /* MainViewModel.swift */,
				32C7C5862AC376D800D5B4AD /* HotelPropertySearchViewModel.swift */,
				32151E2E2ACA55840089D488 /* HotelPropertyDetailViewModel.swift */,
				32F74F6A2ACE7DCA00EF6DB3 /* HotelFavouritesViewModel.swift */,
				32322C252AD915E1004E3BAA /* PropertyHistoryViewModel.swift */,
			);
			path = ViewModels;
			sourceTree = "<group>";
		};
		32920DE12AC6EC1B00670ACA /* Search */ = {
			isa = PBXGroup;
			children = (
				32C7C57C2AC2B22500D5B4AD /* SearchView.swift */,
				32920DDE2AC6EAC300670ACA /* SearchResultsView.swift */,
				32920DE22AC6EC7C00670ACA /* SearchHistoryView.swift */,
			);
			path = Search;
			sourceTree = "<group>";
		};
		32920DF02AC8D07700670ACA /* PropertyResults */ = {
			isa = PBXGroup;
			children = (
				3254F0512AC44B7C00E1A1BA /* PropertyResultsView.swift */,
				32C7C57E2AC2BCB400D5B4AD /* PropertyResultsProcessingView.swift */,
				3254F04F2AC4136D00E1A1BA /* HotelRoomsResultsListView.swift */,
				325FF5BD2AC594E500E207DB /* HotelPropertyResultsMapView.swift */,
			);
			path = PropertyResults;
			sourceTree = "<group>";
		};
		32920DF72AC8DA0100670ACA /* PropertyContent */ = {
			isa = PBXGroup;
			children = (
				32920DF32AC8D67500670ACA /* PropertyDetalResponse.swift */,
				32920DF52AC8D8CA00670ACA /* PropertyContentRequest.swift */,
				32920DFA2AC8DE3F00670ACA /* PropertyPolicyAndFeatures.swift */,
				32920DF82AC8DA7E00670ACA /* PropertyContentModels.swift */,
			);
			path = PropertyContent;
			sourceTree = "<group>";
		};
		32C7C5882AC3771100D5B4AD /* Managers */ = {
			isa = PBXGroup;
			children = (
				32C7C5822AC2F0F100D5B4AD /* UserDefaultsManager.swift */,
				32C7C5892AC3776500D5B4AD /* HotelAPIManager.swift */,
				32795B422AC65CA600B8E670 /* CoreDataManager.swift */,
				32F74F622ACE2F8900EF6DB3 /* FirebaseManager.swift */,
				32322C272ADA0618004E3BAA /* FirebaseAuthManager.swift */,
			);
			path = Managers;
			sourceTree = "<group>";
		};
		32C7C58C2AC3A62200D5B4AD /* PropertySearch */ = {
			isa = PBXGroup;
			children = (
				32C7C5842AC2FED600D5B4AD /* HotelPropertySearchView.swift */,
				32C7C58D2AC3A64F00D5B4AD /* RoomFieldView.swift */,
				32C7C58F2AC3EBA800D5B4AD /* ChildrenFieldView.swift */,
				32920DF02AC8D07700670ACA /* PropertyResults */,
				32920DFC2AC9252500670ACA /* PropertySearchPreferencesView.swift */,
			);
			path = PropertySearch;
			sourceTree = "<group>";
		};
/* End PBXGroup section */

/* Begin PBXNativeTarget section */
		3256C5CF2AB8501E00AC9470 /* Advanced_iOS_Assessment3 */ = {
			isa = PBXNativeTarget;
			buildConfigurationList = 3256C5FA2AB8501F00AC9470 /* Build configuration list for PBXNativeTarget "Advanced_iOS_Assessment3" */;
			buildPhases = (
				3256C5CC2AB8501E00AC9470 /* Sources */,
				3256C5CD2AB8501E00AC9470 /* Frameworks */,
				3256C5CE2AB8501E00AC9470 /* Resources */,
			);
			buildRules = (
			);
			dependencies = (
			);
			name = Advanced_iOS_Assessment3;
			packageProductDependencies = (
				32F74F4A2ACE2AAD00EF6DB3 /* FirebaseAnalytics */,
				32F74F4C2ACE2AAD00EF6DB3 /* FirebaseAnalyticsOnDeviceConversion */,
				32F74F4E2ACE2AAD00EF6DB3 /* FirebaseAnalyticsSwift */,
				32F74F502ACE2AAD00EF6DB3 /* FirebaseAnalyticsWithoutAdIdSupport */,
				32F74F522ACE2AAD00EF6DB3 /* FirebaseAuth */,
				32F74F542ACE2AAD00EF6DB3 /* FirebaseAuthCombine-Community */,
				32F74F562ACE2AAD00EF6DB3 /* FirebaseDatabase */,
				32F74F582ACE2AAD00EF6DB3 /* FirebaseDatabaseSwift */,
				32F74F5A2ACE2AAD00EF6DB3 /* FirebaseFirestore */,
				32F74F5C2ACE2AAD00EF6DB3 /* FirebaseFirestoreCombine-Community */,
				32F74F5E2ACE2AAD00EF6DB3 /* FirebaseFirestoreSwift */,
				3278D1D02AD1331800324436 /* PromiseKit */,
			);
			productName = Advanced_iOS_Assessment3;
			productReference = 3256C5D02AB8501E00AC9470 /* Advanced_iOS_Assessment3.app */;
			productType = "com.apple.product-type.application";
		};
		3256C5E52AB8501F00AC9470 /* Advanced_iOS_Assessment3Tests */ = {
			isa = PBXNativeTarget;
			buildConfigurationList = 3256C5FD2AB8501F00AC9470 /* Build configuration list for PBXNativeTarget "Advanced_iOS_Assessment3Tests" */;
			buildPhases = (
				3256C5E22AB8501F00AC9470 /* Sources */,
				3256C5E32AB8501F00AC9470 /* Frameworks */,
				3256C5E42AB8501F00AC9470 /* Resources */,
			);
			buildRules = (
			);
			dependencies = (
				3256C5E82AB8501F00AC9470 /* PBXTargetDependency */,
			);
			name = Advanced_iOS_Assessment3Tests;
			productName = Advanced_iOS_Assessment3Tests;
			productReference = 3256C5E62AB8501F00AC9470 /* Advanced_iOS_Assessment3Tests.xctest */;
			productType = "com.apple.product-type.bundle.unit-test";
		};
		3256C5EF2AB8501F00AC9470 /* Advanced_iOS_Assessment3UITests */ = {
			isa = PBXNativeTarget;
			buildConfigurationList = 3256C6002AB8501F00AC9470 /* Build configuration list for PBXNativeTarget "Advanced_iOS_Assessment3UITests" */;
			buildPhases = (
				3256C5EC2AB8501F00AC9470 /* Sources */,
				3256C5ED2AB8501F00AC9470 /* Frameworks */,
				3256C5EE2AB8501F00AC9470 /* Resources */,
			);
			buildRules = (
			);
			dependencies = (
				3256C5F22AB8501F00AC9470 /* PBXTargetDependency */,
			);
			name = Advanced_iOS_Assessment3UITests;
			productName = Advanced_iOS_Assessment3UITests;
			productReference = 3256C5F02AB8501F00AC9470 /* Advanced_iOS_Assessment3UITests.xctest */;
			productType = "com.apple.product-type.bundle.ui-testing";
		};
/* End PBXNativeTarget section */

/* Begin PBXProject section */
		3256C5C82AB8501E00AC9470 /* Project object */ = {
			isa = PBXProject;
			attributes = {
				BuildIndependentTargetsInParallel = 1;
				LastSwiftUpdateCheck = 1430;
				LastUpgradeCheck = 1430;
				TargetAttributes = {
					3256C5CF2AB8501E00AC9470 = {
						CreatedOnToolsVersion = 14.3.1;
					};
					3256C5E52AB8501F00AC9470 = {
						CreatedOnToolsVersion = 14.3.1;
						TestTargetID = 3256C5CF2AB8501E00AC9470;
					};
					3256C5EF2AB8501F00AC9470 = {
						CreatedOnToolsVersion = 14.3.1;
						TestTargetID = 3256C5CF2AB8501E00AC9470;
					};
				};
			};
			buildConfigurationList = 3256C5CB2AB8501E00AC9470 /* Build configuration list for PBXProject "Advanced_iOS_Assessment3" */;
			compatibilityVersion = "Xcode 14.0";
			developmentRegion = en;
			hasScannedForEncodings = 0;
			knownRegions = (
				en,
				Base,
			);
			mainGroup = 3256C5C72AB8501E00AC9470;
			packageReferences = (
				32F74F492ACE2AAD00EF6DB3 /* XCRemoteSwiftPackageReference "firebase-ios-sdk" */,
				3278D1CF2AD1331800324436 /* XCRemoteSwiftPackageReference "PromiseKit" */,
			);
			productRefGroup = 3256C5D12AB8501E00AC9470 /* Products */;
			projectDirPath = "";
			projectRoot = "";
			targets = (
				3256C5CF2AB8501E00AC9470 /* Advanced_iOS_Assessment3 */,
				3256C5E52AB8501F00AC9470 /* Advanced_iOS_Assessment3Tests */,
				3256C5EF2AB8501F00AC9470 /* Advanced_iOS_Assessment3UITests */,
			);
		};
/* End PBXProject section */

/* Begin PBXResourcesBuildPhase section */
		3256C5CE2AB8501E00AC9470 /* Resources */ = {
			isa = PBXResourcesBuildPhase;
			buildActionMask = 2147483647;
			files = (
				3256C5DB2AB8501F00AC9470 /* Preview Assets.xcassets in Resources */,
				3256C5D82AB8501F00AC9470 /* Assets.xcassets in Resources */,
				32F74F612ACE2BED00EF6DB3 /* GoogleService-Info.plist in Resources */,
			);
			runOnlyForDeploymentPostprocessing = 0;
		};
		3256C5E42AB8501F00AC9470 /* Resources */ = {
			isa = PBXResourcesBuildPhase;
			buildActionMask = 2147483647;
			files = (
			);
			runOnlyForDeploymentPostprocessing = 0;
		};
		3256C5EE2AB8501F00AC9470 /* Resources */ = {
			isa = PBXResourcesBuildPhase;
			buildActionMask = 2147483647;
			files = (
			);
			runOnlyForDeploymentPostprocessing = 0;
		};
/* End PBXResourcesBuildPhase section */

/* Begin PBXSourcesBuildPhase section */
		3256C5CC2AB8501E00AC9470 /* Sources */ = {
			isa = PBXSourcesBuildPhase;
			buildActionMask = 2147483647;
			files = (
				32C7C58E2AC3A64F00D5B4AD /* RoomFieldView.swift in Sources */,
				320A00E92AC169E900B01392 /* PropertySearch.swift in Sources */,
				325FF5C02AC59B7600E207DB /* HotelAnnotation.swift in Sources */,
				32322C202AD908FA004E3BAA /* HotelPropertyHistoryRow.swift in Sources */,
				32F74F672ACE746D00EF6DB3 /* HotelFavouritesRow.swift in Sources */,
				32C7C5812AC2BFC700D5B4AD /* MetaDataResponse.swift in Sources */,
				32C7C5832AC2F0F100D5B4AD /* UserDefaultsManager.swift in Sources */,
				32920DFB2AC8DE3F00670ACA /* PropertyPolicyAndFeatures.swift in Sources */,
				325FF5BE2AC594E500E207DB /* HotelPropertyResultsMapView.swift in Sources */,
				32322C262AD915E1004E3BAA /* PropertyHistoryViewModel.swift in Sources */,
				32322C282ADA0618004E3BAA /* FirebaseAuthManager.swift in Sources */,
				32920DF22AC8D0D700670ACA /* PropertyDetailView.swift in Sources */,
				32F74F652ACE73A900EF6DB3 /* HotelFavouritesView.swift in Sources */,
				32C7C5852AC2FED600D5B4AD /* HotelPropertySearchView.swift in Sources */,
				326F6FB92AD55A4900543117 /* PropertyHistory.swift in Sources */,
				320A7CC82AC175D4008B252B /* PropertyItem.swift in Sources */,
				327A587D2AB859EE00DB11E6 /* MainViewModel.swift in Sources */,
				320A7CC62AC173B2008B252B /* PropertyPrices.swift in Sources */,
				32920DF92AC8DA7E00670ACA /* PropertyContentModels.swift in Sources */,
				32151E2F2ACA55840089D488 /* HotelPropertyDetailViewModel.swift in Sources */,
				320A7CCC2AC1929C008B252B /* CheckInAndOut.swift in Sources */,
				32C7C5872AC376D800D5B4AD /* HotelPropertySearchViewModel.swift in Sources */,
				3256C5DD2AB8501F00AC9470 /* Persistence.swift in Sources */,
				328E654D2ACBD27300E4903A /* PropertyDetailsProcessingView.swift in Sources */,
				320A7CCA2AC176B8008B252B /* PropertyLocation.swift in Sources */,
				32920DFD2AC9252500670ACA /* PropertySearchPreferencesView.swift in Sources */,
				32C7C5902AC3EBA800D5B4AD /* ChildrenFieldView.swift in Sources */,
				32F74F6B2ACE7DCA00EF6DB3 /* HotelFavouritesViewModel.swift in Sources */,
				327A587F2AB8FB5200DB11E6 /* City.swift in Sources */,
				32F20C382ACBECFF001DE51B /* ErrorView.swift in Sources */,
				32322C222AD90D71004E3BAA /* AmmenitiesRow.swift in Sources */,
				325FF5BC2AC56C5400E207DB /* HotelPropertyRow.swift in Sources */,
				32920DE32AC6EC7C00670ACA /* SearchHistoryView.swift in Sources */,
				32920DED2AC80DC700670ACA /* HotelImageView.swift in Sources */,
				32920DF62AC8D8CA00670ACA /* PropertyContentRequest.swift in Sources */,
				32B4046F2AC1A9D9009B4F43 /* RegionsView.swift in Sources */,
				32322C242AD915A1004E3BAA /* PropertyHistoryView.swift in Sources */,
				32920DF42AC8D67500670ACA /* PropertyDetalResponse.swift in Sources */,
				32C7C58A2AC3776500D5B4AD /* HotelAPIManager.swift in Sources */,
				32F74F632ACE2F8900EF6DB3 /* FirebaseManager.swift in Sources */,
				3256C5E02AB8501F00AC9470 /* Advanced_iOS_Assessment3.xcdatamodeld in Sources */,
				32C7C57F2AC2BCB400D5B4AD /* PropertyResultsProcessingView.swift in Sources */,
				32F74F692ACE761B00EF6DB3 /* HotelFavourite.swift in Sources */,
				32C7C57D2AC2B22500D5B4AD /* SearchView.swift in Sources */,
				3256C5D62AB8501E00AC9470 /* ContentView.swift in Sources */,
				320A7CCE2AC19721008B252B /* PropertyListRequest.swift in Sources */,
				325B5FA42ACB8A9B00C775D3 /* MapImageView.swift in Sources */,
				32795B432AC65CA600B8E670 /* CoreDataManager.swift in Sources */,
				3254F0502AC4136D00E1A1BA /* HotelRoomsResultsListView.swift in Sources */,
				3254F0522AC44B7C00E1A1BA /* PropertyResultsView.swift in Sources */,
				32322C2A2ADA3796004E3BAA /* LoginView.swift in Sources */,
				32920DDF2AC6EAC300670ACA /* SearchResultsView.swift in Sources */,
				3256C5D42AB8501E00AC9470 /* Advanced_iOS_Assessment3App.swift in Sources */,
			);
			runOnlyForDeploymentPostprocessing = 0;
		};
		3256C5E22AB8501F00AC9470 /* Sources */ = {
			isa = PBXSourcesBuildPhase;
			buildActionMask = 2147483647;
			files = (
				3256C5EB2AB8501F00AC9470 /* Advanced_iOS_Assessment3Tests.swift in Sources */,
			);
			runOnlyForDeploymentPostprocessing = 0;
		};
		3256C5EC2AB8501F00AC9470 /* Sources */ = {
			isa = PBXSourcesBuildPhase;
			buildActionMask = 2147483647;
			files = (
				3256C5F72AB8501F00AC9470 /* Advanced_iOS_Assessment3UITestsLaunchTests.swift in Sources */,
				3256C5F52AB8501F00AC9470 /* Advanced_iOS_Assessment3UITests.swift in Sources */,
			);
			runOnlyForDeploymentPostprocessing = 0;
		};
/* End PBXSourcesBuildPhase section */

/* Begin PBXTargetDependency section */
		3256C5E82AB8501F00AC9470 /* PBXTargetDependency */ = {
			isa = PBXTargetDependency;
			target = 3256C5CF2AB8501E00AC9470 /* Advanced_iOS_Assessment3 */;
			targetProxy = 3256C5E72AB8501F00AC9470 /* PBXContainerItemProxy */;
		};
		3256C5F22AB8501F00AC9470 /* PBXTargetDependency */ = {
			isa = PBXTargetDependency;
			target = 3256C5CF2AB8501E00AC9470 /* Advanced_iOS_Assessment3 */;
			targetProxy = 3256C5F12AB8501F00AC9470 /* PBXContainerItemProxy */;
		};
/* End PBXTargetDependency section */

/* Begin XCBuildConfiguration section */
		3256C5F82AB8501F00AC9470 /* Debug */ = {
			isa = XCBuildConfiguration;
			buildSettings = {
				ALWAYS_SEARCH_USER_PATHS = NO;
				CLANG_ANALYZER_NONNULL = YES;
				CLANG_ANALYZER_NUMBER_OBJECT_CONVERSION = YES_AGGRESSIVE;
				CLANG_CXX_LANGUAGE_STANDARD = "gnu++20";
				CLANG_ENABLE_MODULES = YES;
				CLANG_ENABLE_OBJC_ARC = YES;
				CLANG_ENABLE_OBJC_WEAK = YES;
				CLANG_WARN_BLOCK_CAPTURE_AUTORELEASING = YES;
				CLANG_WARN_BOOL_CONVERSION = YES;
				CLANG_WARN_COMMA = YES;
				CLANG_WARN_CONSTANT_CONVERSION = YES;
				CLANG_WARN_DEPRECATED_OBJC_IMPLEMENTATIONS = YES;
				CLANG_WARN_DIRECT_OBJC_ISA_USAGE = YES_ERROR;
				CLANG_WARN_DOCUMENTATION_COMMENTS = YES;
				CLANG_WARN_EMPTY_BODY = YES;
				CLANG_WARN_ENUM_CONVERSION = YES;
				CLANG_WARN_INFINITE_RECURSION = YES;
				CLANG_WARN_INT_CONVERSION = YES;
				CLANG_WARN_NON_LITERAL_NULL_CONVERSION = YES;
				CLANG_WARN_OBJC_IMPLICIT_RETAIN_SELF = YES;
				CLANG_WARN_OBJC_LITERAL_CONVERSION = YES;
				CLANG_WARN_OBJC_ROOT_CLASS = YES_ERROR;
				CLANG_WARN_QUOTED_INCLUDE_IN_FRAMEWORK_HEADER = YES;
				CLANG_WARN_RANGE_LOOP_ANALYSIS = YES;
				CLANG_WARN_STRICT_PROTOTYPES = YES;
				CLANG_WARN_SUSPICIOUS_MOVE = YES;
				CLANG_WARN_UNGUARDED_AVAILABILITY = YES_AGGRESSIVE;
				CLANG_WARN_UNREACHABLE_CODE = YES;
				CLANG_WARN__DUPLICATE_METHOD_MATCH = YES;
				COPY_PHASE_STRIP = NO;
				DEBUG_INFORMATION_FORMAT = dwarf;
				ENABLE_STRICT_OBJC_MSGSEND = YES;
				ENABLE_TESTABILITY = YES;
				GCC_C_LANGUAGE_STANDARD = gnu11;
				GCC_DYNAMIC_NO_PIC = NO;
				GCC_NO_COMMON_BLOCKS = YES;
				GCC_OPTIMIZATION_LEVEL = 0;
				GCC_PREPROCESSOR_DEFINITIONS = (
					"DEBUG=1",
					"$(inherited)",
				);
				GCC_WARN_64_TO_32_BIT_CONVERSION = YES;
				GCC_WARN_ABOUT_RETURN_TYPE = YES_ERROR;
				GCC_WARN_UNDECLARED_SELECTOR = YES;
				GCC_WARN_UNINITIALIZED_AUTOS = YES_AGGRESSIVE;
				GCC_WARN_UNUSED_FUNCTION = YES;
				GCC_WARN_UNUSED_VARIABLE = YES;
				IPHONEOS_DEPLOYMENT_TARGET = 16.0;
				MTL_ENABLE_DEBUG_INFO = INCLUDE_SOURCE;
				MTL_FAST_MATH = YES;
				ONLY_ACTIVE_ARCH = YES;
				SDKROOT = iphoneos;
				SWIFT_ACTIVE_COMPILATION_CONDITIONS = DEBUG;
				SWIFT_OPTIMIZATION_LEVEL = "-Onone";
			};
			name = Debug;
		};
		3256C5F92AB8501F00AC9470 /* Release */ = {
			isa = XCBuildConfiguration;
			buildSettings = {
				ALWAYS_SEARCH_USER_PATHS = NO;
				CLANG_ANALYZER_NONNULL = YES;
				CLANG_ANALYZER_NUMBER_OBJECT_CONVERSION = YES_AGGRESSIVE;
				CLANG_CXX_LANGUAGE_STANDARD = "gnu++20";
				CLANG_ENABLE_MODULES = YES;
				CLANG_ENABLE_OBJC_ARC = YES;
				CLANG_ENABLE_OBJC_WEAK = YES;
				CLANG_WARN_BLOCK_CAPTURE_AUTORELEASING = YES;
				CLANG_WARN_BOOL_CONVERSION = YES;
				CLANG_WARN_COMMA = YES;
				CLANG_WARN_CONSTANT_CONVERSION = YES;
				CLANG_WARN_DEPRECATED_OBJC_IMPLEMENTATIONS = YES;
				CLANG_WARN_DIRECT_OBJC_ISA_USAGE = YES_ERROR;
				CLANG_WARN_DOCUMENTATION_COMMENTS = YES;
				CLANG_WARN_EMPTY_BODY = YES;
				CLANG_WARN_ENUM_CONVERSION = YES;
				CLANG_WARN_INFINITE_RECURSION = YES;
				CLANG_WARN_INT_CONVERSION = YES;
				CLANG_WARN_NON_LITERAL_NULL_CONVERSION = YES;
				CLANG_WARN_OBJC_IMPLICIT_RETAIN_SELF = YES;
				CLANG_WARN_OBJC_LITERAL_CONVERSION = YES;
				CLANG_WARN_OBJC_ROOT_CLASS = YES_ERROR;
				CLANG_WARN_QUOTED_INCLUDE_IN_FRAMEWORK_HEADER = YES;
				CLANG_WARN_RANGE_LOOP_ANALYSIS = YES;
				CLANG_WARN_STRICT_PROTOTYPES = YES;
				CLANG_WARN_SUSPICIOUS_MOVE = YES;
				CLANG_WARN_UNGUARDED_AVAILABILITY = YES_AGGRESSIVE;
				CLANG_WARN_UNREACHABLE_CODE = YES;
				CLANG_WARN__DUPLICATE_METHOD_MATCH = YES;
				COPY_PHASE_STRIP = NO;
				DEBUG_INFORMATION_FORMAT = "dwarf-with-dsym";
				ENABLE_NS_ASSERTIONS = NO;
				ENABLE_STRICT_OBJC_MSGSEND = YES;
				GCC_C_LANGUAGE_STANDARD = gnu11;
				GCC_NO_COMMON_BLOCKS = YES;
				GCC_WARN_64_TO_32_BIT_CONVERSION = YES;
				GCC_WARN_ABOUT_RETURN_TYPE = YES_ERROR;
				GCC_WARN_UNDECLARED_SELECTOR = YES;
				GCC_WARN_UNINITIALIZED_AUTOS = YES_AGGRESSIVE;
				GCC_WARN_UNUSED_FUNCTION = YES;
				GCC_WARN_UNUSED_VARIABLE = YES;
				IPHONEOS_DEPLOYMENT_TARGET = 16.0;
				MTL_ENABLE_DEBUG_INFO = NO;
				MTL_FAST_MATH = YES;
				SDKROOT = iphoneos;
				SWIFT_COMPILATION_MODE = wholemodule;
				SWIFT_OPTIMIZATION_LEVEL = "-O";
				VALIDATE_PRODUCT = YES;
			};
			name = Release;
		};
		3256C5FB2AB8501F00AC9470 /* Debug */ = {
			isa = XCBuildConfiguration;
			buildSettings = {
				ASSETCATALOG_COMPILER_APPICON_NAME = AppIcon;
				ASSETCATALOG_COMPILER_GLOBAL_ACCENT_COLOR_NAME = AccentColor;
				CODE_SIGN_STYLE = Automatic;
				CURRENT_PROJECT_VERSION = 1;
				DEVELOPMENT_ASSET_PATHS = "\"Advanced_iOS_Assessment3/Preview Content\"";
				DEVELOPMENT_TEAM = HMKUNNBATQ;
				ENABLE_PREVIEWS = YES;
				GENERATE_INFOPLIST_FILE = YES;
				INFOPLIST_KEY_UIApplicationSceneManifest_Generation = YES;
				INFOPLIST_KEY_UIApplicationSupportsIndirectInputEvents = YES;
				INFOPLIST_KEY_UILaunchScreen_Generation = YES;
				INFOPLIST_KEY_UISupportedInterfaceOrientations_iPad = "UIInterfaceOrientationPortrait UIInterfaceOrientationPortraitUpsideDown UIInterfaceOrientationLandscapeLeft UIInterfaceOrientationLandscapeRight";
				INFOPLIST_KEY_UISupportedInterfaceOrientations_iPhone = "UIInterfaceOrientationPortrait UIInterfaceOrientationLandscapeLeft UIInterfaceOrientationLandscapeRight";
				LD_RUNPATH_SEARCH_PATHS = (
					"$(inherited)",
					"@executable_path/Frameworks",
				);
				MARKETING_VERSION = 1.0;
				PRODUCT_BUNDLE_IDENTIFIER = "christopheraverkos.Advanced-iOS-Assessment3";
				PRODUCT_NAME = "$(TARGET_NAME)";
				SWIFT_EMIT_LOC_STRINGS = YES;
				SWIFT_VERSION = 5.0;
				TARGETED_DEVICE_FAMILY = "1,2";
			};
			name = Debug;
		};
		3256C5FC2AB8501F00AC9470 /* Release */ = {
			isa = XCBuildConfiguration;
			buildSettings = {
				ASSETCATALOG_COMPILER_APPICON_NAME = AppIcon;
				ASSETCATALOG_COMPILER_GLOBAL_ACCENT_COLOR_NAME = AccentColor;
				CODE_SIGN_STYLE = Automatic;
				CURRENT_PROJECT_VERSION = 1;
				DEVELOPMENT_ASSET_PATHS = "\"Advanced_iOS_Assessment3/Preview Content\"";
				DEVELOPMENT_TEAM = HMKUNNBATQ;
				ENABLE_PREVIEWS = YES;
				GENERATE_INFOPLIST_FILE = YES;
				INFOPLIST_KEY_UIApplicationSceneManifest_Generation = YES;
				INFOPLIST_KEY_UIApplicationSupportsIndirectInputEvents = YES;
				INFOPLIST_KEY_UILaunchScreen_Generation = YES;
				INFOPLIST_KEY_UISupportedInterfaceOrientations_iPad = "UIInterfaceOrientationPortrait UIInterfaceOrientationPortraitUpsideDown UIInterfaceOrientationLandscapeLeft UIInterfaceOrientationLandscapeRight";
				INFOPLIST_KEY_UISupportedInterfaceOrientations_iPhone = "UIInterfaceOrientationPortrait UIInterfaceOrientationLandscapeLeft UIInterfaceOrientationLandscapeRight";
				LD_RUNPATH_SEARCH_PATHS = (
					"$(inherited)",
					"@executable_path/Frameworks",
				);
				MARKETING_VERSION = 1.0;
				PRODUCT_BUNDLE_IDENTIFIER = "christopheraverkos.Advanced-iOS-Assessment3";
				PRODUCT_NAME = "$(TARGET_NAME)";
				SWIFT_EMIT_LOC_STRINGS = YES;
				SWIFT_VERSION = 5.0;
				TARGETED_DEVICE_FAMILY = "1,2";
			};
			name = Release;
		};
		3256C5FE2AB8501F00AC9470 /* Debug */ = {
			isa = XCBuildConfiguration;
			buildSettings = {
				ALWAYS_EMBED_SWIFT_STANDARD_LIBRARIES = YES;
				BUNDLE_LOADER = "$(TEST_HOST)";
				CODE_SIGN_STYLE = Automatic;
				CURRENT_PROJECT_VERSION = 1;
				DEVELOPMENT_TEAM = HMKUNNBATQ;
				GENERATE_INFOPLIST_FILE = YES;
				IPHONEOS_DEPLOYMENT_TARGET = 16.4;
				MARKETING_VERSION = 1.0;
				PRODUCT_BUNDLE_IDENTIFIER = "christopheraverkos.Advanced-iOS-Assessment3Tests";
				PRODUCT_NAME = "$(TARGET_NAME)";
				SWIFT_EMIT_LOC_STRINGS = NO;
				SWIFT_VERSION = 5.0;
				TARGETED_DEVICE_FAMILY = "1,2";
				TEST_HOST = "$(BUILT_PRODUCTS_DIR)/Advanced_iOS_Assessment3.app/$(BUNDLE_EXECUTABLE_FOLDER_PATH)/Advanced_iOS_Assessment3";
			};
			name = Debug;
		};
		3256C5FF2AB8501F00AC9470 /* Release */ = {
			isa = XCBuildConfiguration;
			buildSettings = {
				ALWAYS_EMBED_SWIFT_STANDARD_LIBRARIES = YES;
				BUNDLE_LOADER = "$(TEST_HOST)";
				CODE_SIGN_STYLE = Automatic;
				CURRENT_PROJECT_VERSION = 1;
				DEVELOPMENT_TEAM = HMKUNNBATQ;
				GENERATE_INFOPLIST_FILE = YES;
				IPHONEOS_DEPLOYMENT_TARGET = 16.4;
				MARKETING_VERSION = 1.0;
				PRODUCT_BUNDLE_IDENTIFIER = "christopheraverkos.Advanced-iOS-Assessment3Tests";
				PRODUCT_NAME = "$(TARGET_NAME)";
				SWIFT_EMIT_LOC_STRINGS = NO;
				SWIFT_VERSION = 5.0;
				TARGETED_DEVICE_FAMILY = "1,2";
				TEST_HOST = "$(BUILT_PRODUCTS_DIR)/Advanced_iOS_Assessment3.app/$(BUNDLE_EXECUTABLE_FOLDER_PATH)/Advanced_iOS_Assessment3";
			};
			name = Release;
		};
		3256C6012AB8501F00AC9470 /* Debug */ = {
			isa = XCBuildConfiguration;
			buildSettings = {
				ALWAYS_EMBED_SWIFT_STANDARD_LIBRARIES = YES;
				CODE_SIGN_STYLE = Automatic;
				CURRENT_PROJECT_VERSION = 1;
				DEVELOPMENT_TEAM = HMKUNNBATQ;
				GENERATE_INFOPLIST_FILE = YES;
				MARKETING_VERSION = 1.0;
				PRODUCT_BUNDLE_IDENTIFIER = "christopheraverkos.Advanced-iOS-Assessment3UITests";
				PRODUCT_NAME = "$(TARGET_NAME)";
				SWIFT_EMIT_LOC_STRINGS = NO;
				SWIFT_VERSION = 5.0;
				TARGETED_DEVICE_FAMILY = "1,2";
				TEST_TARGET_NAME = Advanced_iOS_Assessment3;
			};
			name = Debug;
		};
		3256C6022AB8501F00AC9470 /* Release */ = {
			isa = XCBuildConfiguration;
			buildSettings = {
				ALWAYS_EMBED_SWIFT_STANDARD_LIBRARIES = YES;
				CODE_SIGN_STYLE = Automatic;
				CURRENT_PROJECT_VERSION = 1;
				DEVELOPMENT_TEAM = HMKUNNBATQ;
				GENERATE_INFOPLIST_FILE = YES;
				MARKETING_VERSION = 1.0;
				PRODUCT_BUNDLE_IDENTIFIER = "christopheraverkos.Advanced-iOS-Assessment3UITests";
				PRODUCT_NAME = "$(TARGET_NAME)";
				SWIFT_EMIT_LOC_STRINGS = NO;
				SWIFT_VERSION = 5.0;
				TARGETED_DEVICE_FAMILY = "1,2";
				TEST_TARGET_NAME = Advanced_iOS_Assessment3;
			};
			name = Release;
		};
/* End XCBuildConfiguration section */

/* Begin XCConfigurationList section */
		3256C5CB2AB8501E00AC9470 /* Build configuration list for PBXProject "Advanced_iOS_Assessment3" */ = {
			isa = XCConfigurationList;
			buildConfigurations = (
				3256C5F82AB8501F00AC9470 /* Debug */,
				3256C5F92AB8501F00AC9470 /* Release */,
			);
			defaultConfigurationIsVisible = 0;
			defaultConfigurationName = Release;
		};
		3256C5FA2AB8501F00AC9470 /* Build configuration list for PBXNativeTarget "Advanced_iOS_Assessment3" */ = {
			isa = XCConfigurationList;
			buildConfigurations = (
				3256C5FB2AB8501F00AC9470 /* Debug */,
				3256C5FC2AB8501F00AC9470 /* Release */,
			);
			defaultConfigurationIsVisible = 0;
			defaultConfigurationName = Release;
		};
		3256C5FD2AB8501F00AC9470 /* Build configuration list for PBXNativeTarget "Advanced_iOS_Assessment3Tests" */ = {
			isa = XCConfigurationList;
			buildConfigurations = (
				3256C5FE2AB8501F00AC9470 /* Debug */,
				3256C5FF2AB8501F00AC9470 /* Release */,
			);
			defaultConfigurationIsVisible = 0;
			defaultConfigurationName = Release;
		};
		3256C6002AB8501F00AC9470 /* Build configuration list for PBXNativeTarget "Advanced_iOS_Assessment3UITests" */ = {
			isa = XCConfigurationList;
			buildConfigurations = (
				3256C6012AB8501F00AC9470 /* Debug */,
				3256C6022AB8501F00AC9470 /* Release */,
			);
			defaultConfigurationIsVisible = 0;
			defaultConfigurationName = Release;
		};
/* End XCConfigurationList section */

/* Begin XCRemoteSwiftPackageReference section */
		3278D1CF2AD1331800324436 /* XCRemoteSwiftPackageReference "PromiseKit" */ = {
			isa = XCRemoteSwiftPackageReference;
			repositoryURL = "https://github.com/mxcl/PromiseKit";
			requirement = {
				kind = upToNextMajorVersion;
				minimumVersion = 8.1.1;
			};
		};
		32F74F492ACE2AAD00EF6DB3 /* XCRemoteSwiftPackageReference "firebase-ios-sdk" */ = {
			isa = XCRemoteSwiftPackageReference;
			repositoryURL = "https://github.com/firebase/firebase-ios-sdk";
			requirement = {
				kind = upToNextMajorVersion;
				minimumVersion = 10.16.0;
			};
		};
/* End XCRemoteSwiftPackageReference section */

/* Begin XCSwiftPackageProductDependency section */
		3278D1D02AD1331800324436 /* PromiseKit */ = {
			isa = XCSwiftPackageProductDependency;
			package = 3278D1CF2AD1331800324436 /* XCRemoteSwiftPackageReference "PromiseKit" */;
			productName = PromiseKit;
		};
		32F74F4A2ACE2AAD00EF6DB3 /* FirebaseAnalytics */ = {
			isa = XCSwiftPackageProductDependency;
			package = 32F74F492ACE2AAD00EF6DB3 /* XCRemoteSwiftPackageReference "firebase-ios-sdk" */;
			productName = FirebaseAnalytics;
		};
		32F74F4C2ACE2AAD00EF6DB3 /* FirebaseAnalyticsOnDeviceConversion */ = {
			isa = XCSwiftPackageProductDependency;
			package = 32F74F492ACE2AAD00EF6DB3 /* XCRemoteSwiftPackageReference "firebase-ios-sdk" */;
			productName = FirebaseAnalyticsOnDeviceConversion;
		};
		32F74F4E2ACE2AAD00EF6DB3 /* FirebaseAnalyticsSwift */ = {
			isa = XCSwiftPackageProductDependency;
			package = 32F74F492ACE2AAD00EF6DB3 /* XCRemoteSwiftPackageReference "firebase-ios-sdk" */;
			productName = FirebaseAnalyticsSwift;
		};
		32F74F502ACE2AAD00EF6DB3 /* FirebaseAnalyticsWithoutAdIdSupport */ = {
			isa = XCSwiftPackageProductDependency;
			package = 32F74F492ACE2AAD00EF6DB3 /* XCRemoteSwiftPackageReference "firebase-ios-sdk" */;
			productName = FirebaseAnalyticsWithoutAdIdSupport;
		};
		32F74F522ACE2AAD00EF6DB3 /* FirebaseAuth */ = {
			isa = XCSwiftPackageProductDependency;
			package = 32F74F492ACE2AAD00EF6DB3 /* XCRemoteSwiftPackageReference "firebase-ios-sdk" */;
			productName = FirebaseAuth;
		};
		32F74F542ACE2AAD00EF6DB3 /* FirebaseAuthCombine-Community */ = {
			isa = XCSwiftPackageProductDependency;
			package = 32F74F492ACE2AAD00EF6DB3 /* XCRemoteSwiftPackageReference "firebase-ios-sdk" */;
			productName = "FirebaseAuthCombine-Community";
		};
		32F74F562ACE2AAD00EF6DB3 /* FirebaseDatabase */ = {
			isa = XCSwiftPackageProductDependency;
			package = 32F74F492ACE2AAD00EF6DB3 /* XCRemoteSwiftPackageReference "firebase-ios-sdk" */;
			productName = FirebaseDatabase;
		};
		32F74F582ACE2AAD00EF6DB3 /* FirebaseDatabaseSwift */ = {
			isa = XCSwiftPackageProductDependency;
			package = 32F74F492ACE2AAD00EF6DB3 /* XCRemoteSwiftPackageReference "firebase-ios-sdk" */;
			productName = FirebaseDatabaseSwift;
		};
		32F74F5A2ACE2AAD00EF6DB3 /* FirebaseFirestore */ = {
			isa = XCSwiftPackageProductDependency;
			package = 32F74F492ACE2AAD00EF6DB3 /* XCRemoteSwiftPackageReference "firebase-ios-sdk" */;
			productName = FirebaseFirestore;
		};
		32F74F5C2ACE2AAD00EF6DB3 /* FirebaseFirestoreCombine-Community */ = {
			isa = XCSwiftPackageProductDependency;
			package = 32F74F492ACE2AAD00EF6DB3 /* XCRemoteSwiftPackageReference "firebase-ios-sdk" */;
			productName = "FirebaseFirestoreCombine-Community";
		};
		32F74F5E2ACE2AAD00EF6DB3 /* FirebaseFirestoreSwift */ = {
			isa = XCSwiftPackageProductDependency;
			package = 32F74F492ACE2AAD00EF6DB3 /* XCRemoteSwiftPackageReference "firebase-ios-sdk" */;
			productName = FirebaseFirestoreSwift;
		};
/* End XCSwiftPackageProductDependency section */

/* Begin XCVersionGroup section */
		3256C5DE2AB8501F00AC9470 /* Advanced_iOS_Assessment3.xcdatamodeld */ = {
			isa = XCVersionGroup;
			children = (
				3256C5DF2AB8501F00AC9470 /* Advanced_iOS_Assessment3.xcdatamodel */,
			);
			currentVersion = 3256C5DF2AB8501F00AC9470 /* Advanced_iOS_Assessment3.xcdatamodel */;
			path = Advanced_iOS_Assessment3.xcdatamodeld;
			sourceTree = "<group>";
			versionGroupType = wrapper.xcdatamodel;
		};
/* End XCVersionGroup section */
	};
	rootObject = 3256C5C82AB8501E00AC9470 /* Project object */;
}
